{
    "_readme": [
        "This file locks the dependencies of your project to a known state",
        "Read more about it at https://getcomposer.org/doc/01-basic-usage.md#installing-dependencies",
        "This file is @generated automatically"
    ],
    "content-hash": "71d60a48b8b6abcd2b13e30bf3a39479",
    "packages": [
        {
            "name": "hiddenhatpress/openai-assistants",
            "version": "v1.0.7",
            "source": {
                "type": "git",
                "url": "https://github.com/hiddenhatpress/openai-assistants.git",
                "reference": "89a8659c0ed6fe8c169787ca6d7b9368eb9e4663"
            },
            "dist": {
                "type": "zip",
                "url": "https://api.github.com/repos/hiddenhatpress/openai-assistants/zipball/89a8659c0ed6fe8c169787ca6d7b9368eb9e4663",
                "reference": "89a8659c0ed6fe8c169787ca6d7b9368eb9e4663",
                "shasum": ""
            },
            "require": {
                "php": "^8.1"
            },
            "require-dev": {
                "phpstan/phpstan": "^1.10",
                "phpunit/phpunit": "^10.0",
                "squizlabs/php_codesniffer": "^3.7"
            },
            "type": "library",
            "autoload": {
                "psr-4": {
                    "hiddenhatpress\\openai\\assistants\\": "src"
                }
            },
            "notification-url": "https://packagist.org/downloads/",
            "license": [
                "Apache-2.0"
            ],
            "authors": [
                {
                    "name": "Matt Zandstra",
                    "email": "matt@hiddenhat.press",
                    "role": "Developer"
                }
            ],
            "description": "A quick and dirty client for OpenAI's assistants API",
            "homepage": "https://github.com/hiddenhatpress/openai-assistants",
            "keywords": [
                "ai"
            ],
            "support": {
                "issues": "https://github.com/hiddenhatpress/openai-assistants/issues",
                "source": "https://github.com/hiddenhatpress/openai-assistants/tree/v1.0.7"
            },
            "time": "2024-04-21T20:31:18+00:00"
        }
    ],
    "packages-dev": [],
    "aliases": [],
    "minimum-stability": "stable",
    "stability-flags": [],
    "prefer-stable": false,
    "prefer-lowest": false,
    "platform": [],
    "platform-dev": [],
    "plugin-api-version": "2.6.0"
}
